test-config/Results/estimates_N_tdiv_dadi_fsc_smcpp.png
test-config/Results/estimates_mig_dadi_fsc.png
test-config/Results/smcpp_estimated_Ne.png
test-config/Results/best_fsc_runs.txt
test-config/Results/best_dadi_runs.txt
test-config/Results/smcpp_runs.txt
test-config/Intermediate/1845187043/dadi_analysis/dadi_results_sorted.txt
test-config/Intermediate/1845187043/fsc_analysis/fsc_results_sorted.txt
test-config/Intermediate/1845187043/split/joint.csv
test-config/Intermediate/1845187043/dadi_analysis/IM_fsc/model_params_3823185381.txt
test-config/Intermediate/1845187043/dadi_analysis/IM_fsc/model_params_1358822685.txt
test-config/Intermediate/1845187043/dadi_analysis/IM_fsc/model_params_561383553.txt
test-config/Intermediate/1845187043/dadi_analysis/IM_fsc/model_params_789925284.txt
test-config/Intermediate/1845187043/dadi_analysis/IM_fsc/model_params_170765737.txt
test-config/Intermediate/1845187043/dadi_analysis/IM_fsc/model_params_878579710.txt
test-config/Intermediate/1845187043/dadi_analysis/IM_fsc/model_params_3549516158.txt
test-config/Intermediate/1845187043/dadi_analysis/IM_fsc/model_params_2438360421.txt
test-config/Intermediate/1845187043/dadi_analysis/IM_fsc/model_params_2285257250.txt
test-config/Intermediate/1845187043/dadi_analysis/IM_fsc/model_params_2557845021.txt
test-config/Intermediate/1845187043/fsc_analysis/run10/IM_hum/IM_hum.bestlhoods
test-config/Intermediate/1845187043/chr22_dadi_joint_sfs.fs
test-config/Intermediate/1845187043/chr22.trees
.genetic_map_downloaded
test-config/Intermediate/1845187043/chr22_dadi_joint_sfs.fs
test-config/Intermediate/1845187043/chr22_dadi_joint_sfs.fs
test-config/Intermediate/1845187043/chr22_dadi_joint_sfs.fs
test-config/Intermediate/1845187043/chr22_dadi_joint_sfs.fs
test-config/Intermediate/1845187043/chr22_dadi_joint_sfs.fs
test-config/Intermediate/1845187043/chr22_dadi_joint_sfs.fs
test-config/Intermediate/1845187043/chr22_dadi_joint_sfs.fs
test-config/Intermediate/1845187043/chr22_dadi_joint_sfs.fs
test-config/Intermediate/1845187043/chr22_dadi_joint_sfs.fs
test-config/Intermediate/1845187043/fsc_analysis/IM_hum.tpl
test-config/Intermediate/1845187043/fsc_analysis/IM_hum_jointDAFpop1_0.obs
test-config/Intermediate/1845187043/chr22_dadi_joint_sfs_with_nonvariant.fs
test-config/Intermediate/1845187043/model.final.pop1.json
test-config/Intermediate/1845187043/model.final.pop2.json
test-config/Intermediate/1845187043/chr22.treespop1.smc.gz
test-config/Intermediate/1845187043/chr22.treespop2.smc.gz
test-config/Intermediate/1845187043/chr22.trees
test-config/Intermediate/1845187043/split/model.final.json
